
Microsoft Visual Studio Solution File, Format Version 12.00
# Visual Studio 2013
VisualStudioVersion = 12.0.40629.0
MinimumVisualStudioVersion = 10.0.40219.1
Project("{FAE04EC0-301F-11D3-BF4B-00C04F79EFBC}") = "StaffEmailSignatures", "StaffEmailSignatures\StaffEmailSignatures.csproj", "{2A507396-BAAF-484A-8237-3725F869D1E2}"
EndProject
Project("{2150E333-8FDC-42A3-9474-1A3956D46DE8}") = "PublishScripts", "PublishScripts", "{E9B872C0-8A72-4364-8938-06C546B39C59}"
	ProjectSection(SolutionItems) = preProject
		PublishScripts\AzureWebsitePublishModule.psm1 = PublishScripts\AzureWebsitePublishModule.psm1
		PublishScripts\Publish-WebApplicationWebsite.ps1 = PublishScripts\Publish-WebApplicationWebsite.ps1
	EndProjectSection
EndProject
Project("{2150E333-8FDC-42A3-9474-1A3956D46DE8}") = "Configurations", "Configurations", "{E246A897-363D-467C-917B-242B770BB79E}"
	ProjectSection(SolutionItems) = preProject
		PublishScripts\Configurations\StaffEmailSignatures-WAWS-dev.json = PublishScripts\Configurations\StaffEmailSignatures-WAWS-dev.json
	EndProjectSection
EndProject
Global
	GlobalSection(SolutionConfigurationPlatforms) = preSolution
		Debug|Any CPU = Debug|Any CPU
		Release|Any CPU = Release|Any CPU
	EndGlobalSection
	GlobalSection(ProjectConfigurationPlatforms) = postSolution
		{2A507396-BAAF-484A-8237-3725F869D1E2}.Debug|Any CPU.ActiveCfg = Debug|Any CPU
		{2A507396-BAAF-484A-8237-3725F869D1E2}.Debug|Any CPU.Build.0 = Debug|Any CPU
		{2A507396-BAAF-484A-8237-3725F869D1E2}.Release|Any CPU.ActiveCfg = Release|Any CPU
		{2A507396-BAAF-484A-8237-3725F869D1E2}.Release|Any CPU.Build.0 = Release|Any CPU
	EndGlobalSection
	GlobalSection(SolutionProperties) = preSolution
		HideSolutionNode = FALSE
	EndGlobalSection
	GlobalSection(NestedProjects) = preSolution
		{E246A897-363D-467C-917B-242B770BB79E} = {E9B872C0-8A72-4364-8938-06C546B39C59}
	EndGlobalSection
EndGlobal
